{
  "version": 4,
  "terraform_version": "0.13.5",
  "serial": 28,
  "lineage": "6ee3e82e-c080-73f9-e68e-ecdc1b699650",
  "outputs": {},
  "resources": [
    {
      "mode": "managed",
      "type": "azurerm_resource_group",
      "name": "default",
      "provider": "provider[\"registry.terraform.io/hashicorp/azurerm\"]",
      "instances": [
        {
          "schema_version": 0,
          "attributes": {
            "id": "/subscriptions/c4b741c1-eae6-4e84-a65b-27c25edbb304/resourceGroups/VFF-WUS-RG-TFWVD",
            "location": "westus2",
            "name": "VFF-WUS-RG-TFWVD",
            "tags": {},
            "timeouts": null
          },
          "private": "eyJlMmJmYjczMC1lY2FhLTExZTYtOGY4OC0zNDM2M2JjN2M0YzAiOnsiY3JlYXRlIjo1NDAwMDAwMDAwMDAwLCJkZWxldGUiOjU0MDAwMDAwMDAwMDAsInJlYWQiOjMwMDAwMDAwMDAwMCwidXBkYXRlIjo1NDAwMDAwMDAwMDAwfX0="
        }
      ]
    },
    {
      "mode": "managed",
      "type": "azurerm_virtual_desktop_application_group",
      "name": "pooleddesktopapp",
      "provider": "provider[\"registry.terraform.io/hashicorp/azurerm\"]",
      "instances": [
        {
          "schema_version": 0,
          "attributes": {
            "description": "VFF Pooled Host Pool Remote Apps",
            "friendly_name": "VFF Pooled Host Pool Remote Apps",
            "host_pool_id": "/subscriptions/c4b741c1-eae6-4e84-a65b-27c25edbb304/resourcegroups/VFF-WUS-RG-TFWVD/providers/Microsoft.DesktopVirtualization/hostpools/VFF-WUS-TF-Pooled",
            "id": "/subscriptions/c4b741c1-eae6-4e84-a65b-27c25edbb304/resourcegroups/VFF-WUS-RG-TFWVD/providers/Microsoft.DesktopVirtualization/applicationgroups/VFF-WUS-TF-Pooled-DT",
            "location": "westus2",
            "name": "VFF-WUS-TF-Pooled-DT",
            "resource_group_name": "VFF-WUS-RG-TFWVD",
            "tags": {},
            "timeouts": null,
            "type": "Desktop"
          },
          "private": "eyJlMmJmYjczMC1lY2FhLTExZTYtOGY4OC0zNDM2M2JjN2M0YzAiOnsiY3JlYXRlIjozNjAwMDAwMDAwMDAwLCJkZWxldGUiOjM2MDAwMDAwMDAwMDAsInJlYWQiOjMwMDAwMDAwMDAwMCwidXBkYXRlIjozNjAwMDAwMDAwMDAwfX0=",
          "dependencies": [
            "azurerm_resource_group.default",
            "azurerm_virtual_desktop_host_pool.pooleddepthfirst"
          ]
        }
      ]
    },
    {
      "mode": "managed",
      "type": "azurerm_virtual_desktop_application_group",
      "name": "pooledremoteapp",
      "provider": "provider[\"registry.terraform.io/hashicorp/azurerm\"]",
      "instances": [
        {
          "schema_version": 0,
          "attributes": {
            "description": "VFF Pooled Host Pool Remote Apps",
            "friendly_name": "VFF Pooled Host Pool Remote Apps",
            "host_pool_id": "/subscriptions/c4b741c1-eae6-4e84-a65b-27c25edbb304/resourcegroups/VFF-WUS-RG-TFWVD/providers/Microsoft.DesktopVirtualization/hostpools/VFF-WUS-TF-Pooled",
            "id": "/subscriptions/c4b741c1-eae6-4e84-a65b-27c25edbb304/resourcegroups/VFF-WUS-RG-TFWVD/providers/Microsoft.DesktopVirtualization/applicationgroups/VFF-WUS-TF-Pooled-RA",
            "location": "westus2",
            "name": "VFF-WUS-TF-Pooled-RA",
            "resource_group_name": "VFF-WUS-RG-TFWVD",
            "tags": {},
            "timeouts": null,
            "type": "RemoteApp"
          },
          "private": "eyJlMmJmYjczMC1lY2FhLTExZTYtOGY4OC0zNDM2M2JjN2M0YzAiOnsiY3JlYXRlIjozNjAwMDAwMDAwMDAwLCJkZWxldGUiOjM2MDAwMDAwMDAwMDAsInJlYWQiOjMwMDAwMDAwMDAwMCwidXBkYXRlIjozNjAwMDAwMDAwMDAwfX0=",
          "dependencies": [
            "azurerm_resource_group.default",
            "azurerm_virtual_desktop_host_pool.pooleddepthfirst"
          ]
        }
      ]
    },
    {
      "mode": "managed",
      "type": "azurerm_virtual_desktop_host_pool",
      "name": "pooleddepthfirst",
      "provider": "provider[\"registry.terraform.io/hashicorp/azurerm\"]",
      "instances": [
        {
          "schema_version": 0,
          "attributes": {
            "description": "VFF Pooled Host Pool",
            "friendly_name": "VFF Pooled Host Pool",
            "id": "/subscriptions/c4b741c1-eae6-4e84-a65b-27c25edbb304/resourcegroups/VFF-WUS-RG-TFWVD/providers/Microsoft.DesktopVirtualization/hostpools/VFF-WUS-TF-Pooled",
            "load_balancer_type": "DepthFirst",
            "location": "westus2",
            "maximum_sessions_allowed": 50,
            "name": "VFF-WUS-TF-Pooled",
            "personal_desktop_assignment_type": "",
            "preferred_app_group_type": "Desktop",
            "registration_info": [],
            "resource_group_name": "VFF-WUS-RG-TFWVD",
            "tags": {},
            "timeouts": null,
            "type": "Pooled",
            "validate_environment": false
          },
          "private": "eyJlMmJmYjczMC1lY2FhLTExZTYtOGY4OC0zNDM2M2JjN2M0YzAiOnsiY3JlYXRlIjozNjAwMDAwMDAwMDAwLCJkZWxldGUiOjM2MDAwMDAwMDAwMDAsInJlYWQiOjMwMDAwMDAwMDAwMCwidXBkYXRlIjozNjAwMDAwMDAwMDAwfX0=",
          "dependencies": [
            "azurerm_resource_group.default"
          ]
        }
      ]
    },
    {
      "mode": "managed",
      "type": "azurerm_virtual_desktop_workspace",
      "name": "workspace",
      "provider": "provider[\"registry.terraform.io/hashicorp/azurerm\"]",
      "instances": [
        {
          "schema_version": 0,
          "attributes": {
            "description": "VFF-Terraform-Workspace",
            "friendly_name": "VFF-Terraform-Workspace",
            "id": "/subscriptions/c4b741c1-eae6-4e84-a65b-27c25edbb304/resourcegroups/VFF-WUS-RG-TFWVD/providers/Microsoft.DesktopVirtualization/workspaces/VFF-Terraform-Workspace",
            "location": "westus2",
            "name": "VFF-Terraform-Workspace",
            "resource_group_name": "VFF-WUS-RG-TFWVD",
            "tags": {},
            "timeouts": null
          },
          "private": "eyJlMmJmYjczMC1lY2FhLTExZTYtOGY4OC0zNDM2M2JjN2M0YzAiOnsiY3JlYXRlIjozNjAwMDAwMDAwMDAwLCJkZWxldGUiOjM2MDAwMDAwMDAwMDAsInJlYWQiOjMwMDAwMDAwMDAwMCwidXBkYXRlIjozNjAwMDAwMDAwMDAwfX0=",
          "dependencies": [
            "azurerm_resource_group.default"
          ]
        }
      ]
    },
    {
      "mode": "managed",
      "type": "azurerm_virtual_desktop_workspace_application_group_association",
      "name": "workspacedesktop",
      "provider": "provider[\"registry.terraform.io/hashicorp/azurerm\"]",
      "instances": [
        {
          "schema_version": 0,
          "attributes": {
            "application_group_id": "/subscriptions/c4b741c1-eae6-4e84-a65b-27c25edbb304/resourcegroups/VFF-WUS-RG-TFWVD/providers/Microsoft.DesktopVirtualization/applicationgroups/VFF-WUS-TF-Pooled-DT",
            "id": "/subscriptions/c4b741c1-eae6-4e84-a65b-27c25edbb304/resourcegroups/VFF-WUS-RG-TFWVD/providers/Microsoft.DesktopVirtualization/workspaces/VFF-Terraform-Workspace|/subscriptions/c4b741c1-eae6-4e84-a65b-27c25edbb304/resourcegroups/VFF-WUS-RG-TFWVD/providers/Microsoft.DesktopVirtualization/applicationgroups/VFF-WUS-TF-Pooled-DT",
            "timeouts": null,
            "workspace_id": "/subscriptions/c4b741c1-eae6-4e84-a65b-27c25edbb304/resourcegroups/VFF-WUS-RG-TFWVD/providers/Microsoft.DesktopVirtualization/workspaces/VFF-Terraform-Workspace"
          },
          "private": "eyJlMmJmYjczMC1lY2FhLTExZTYtOGY4OC0zNDM2M2JjN2M0YzAiOnsiY3JlYXRlIjozNjAwMDAwMDAwMDAwLCJkZWxldGUiOjM2MDAwMDAwMDAwMDAsInJlYWQiOjMwMDAwMDAwMDAwMCwidXBkYXRlIjozNjAwMDAwMDAwMDAwfX0=",
          "dependencies": [
            "azurerm_virtual_desktop_application_group.pooleddesktopapp",
            "azurerm_virtual_desktop_workspace.workspace"
          ]
        }
      ]
    },
    {
      "mode": "managed",
      "type": "azurerm_virtual_desktop_workspace_application_group_association",
      "name": "workspaceremoteapp",
      "provider": "provider[\"registry.terraform.io/hashicorp/azurerm\"]",
      "instances": [
        {
          "schema_version": 0,
          "attributes": {
            "application_group_id": "/subscriptions/c4b741c1-eae6-4e84-a65b-27c25edbb304/resourcegroups/VFF-WUS-RG-TFWVD/providers/Microsoft.DesktopVirtualization/applicationgroups/VFF-WUS-TF-Pooled-RA",
            "id": "/subscriptions/c4b741c1-eae6-4e84-a65b-27c25edbb304/resourcegroups/VFF-WUS-RG-TFWVD/providers/Microsoft.DesktopVirtualization/workspaces/VFF-Terraform-Workspace|/subscriptions/c4b741c1-eae6-4e84-a65b-27c25edbb304/resourcegroups/VFF-WUS-RG-TFWVD/providers/Microsoft.DesktopVirtualization/applicationgroups/VFF-WUS-TF-Pooled-RA",
            "timeouts": null,
            "workspace_id": "/subscriptions/c4b741c1-eae6-4e84-a65b-27c25edbb304/resourcegroups/VFF-WUS-RG-TFWVD/providers/Microsoft.DesktopVirtualization/workspaces/VFF-Terraform-Workspace"
          },
          "private": "eyJlMmJmYjczMC1lY2FhLTExZTYtOGY4OC0zNDM2M2JjN2M0YzAiOnsiY3JlYXRlIjozNjAwMDAwMDAwMDAwLCJkZWxldGUiOjM2MDAwMDAwMDAwMDAsInJlYWQiOjMwMDAwMDAwMDAwMCwidXBkYXRlIjozNjAwMDAwMDAwMDAwfX0=",
          "dependencies": [
            "azurerm_resource_group.default",
            "azurerm_virtual_desktop_application_group.pooledremoteapp",
            "azurerm_virtual_desktop_workspace.workspace"
          ]
        }
      ]
    }
  ]
}
